<?xml version="1.0" encoding="utf-8"?>
<Project ToolsVersion="15.0" xmlns="http://schemas.microsoft.com/developer/msbuild/2003">
  <ItemGroup>
    <Filter Include="examples">
      <UniqueIdentifier>{84D830B1-70A5-8BBC-99BE-796485EAC04A}</UniqueIdentifier>
    </Filter>
    <Filter Include="examples\dev">
      <UniqueIdentifier>{3FA46517-2B07-F5BB-D48C-2D72C0CEC03E}</UniqueIdentifier>
    </Filter>
  </ItemGroup>
  <ItemGroup>
    <None Include="..\..\examples\dev\dev.exe">
      <Filter>examples\dev</Filter>
    </None>
    <None Include="..\..\examples\dev\dev.ilk">
      <Filter>examples\dev</Filter>
    </None>
    <None Include="..\..\examples\dev\dev.pdb">
      <Filter>examples\dev</Filter>
    </None>
    <None Include="..\..\examples\dev\imgui.ini">
      <Filter>examples\dev</Filter>
    </None>
  </ItemGroup>
  <ItemGroup>
    <ClInclude Include="..\..\examples\dev\dev.h">
      <Filter>examples\dev</Filter>
    </ClInclude>
  </ItemGroup>
  <ItemGroup>
    <ClCompile Include="..\..\examples\dev\dev.cpp">
      <Filter>examples\dev</Filter>
    </ClCompile>
  </ItemGroup>
</Project>
