
Microsoft Visual Studio Solution File, Format Version 12.00
# Visual Studio 15
Project("{8BC9CEB8-8B4A-11D0-8D11-00A0C91BC942}") = "01-HelloWorld", "01-HelloWorld.vcxproj", "{4F736865-BB33-E49B-846E-2D19F0ED2878}"
	ProjectSection(ProjectDependencies) = postProject
		{652C880B-D135-887C-5AB1-9E7CC6B9937C} = {652C880B-D135-887C-5AB1-9E7CC6B9937C}
	EndProjectSection
EndProject
Project("{8BC9CEB8-8B4A-11D0-8D11-00A0C91BC942}") = "VXR", "VXR.vcxproj", "{652C880B-D135-887C-5AB1-9E7CC6B9937C}"
EndProject
Project("{8BC9CEB8-8B4A-11D0-8D11-00A0C91BC942}") = "dev", "dev.vcxproj", "{C469880B-3073-887C-B9EE-9E7C25F7937C}"
	ProjectSection(ProjectDependencies) = postProject
		{652C880B-D135-887C-5AB1-9E7CC6B9937C} = {652C880B-D135-887C-5AB1-9E7CC6B9937C}
	EndProjectSection
EndProject
Project("{8BC9CEB8-8B4A-11D0-8D11-00A0C91BC942}") = "02-Instancing", "02-Instancing.vcxproj", "{42535671-AE13-D2A7-774E-1B25E3CD1684}"
	ProjectSection(ProjectDependencies) = postProject
		{652C880B-D135-887C-5AB1-9E7CC6B9937C} = {652C880B-D135-887C-5AB1-9E7CC6B9937C}
	EndProjectSection
EndProject
Project("{8BC9CEB8-8B4A-11D0-8D11-00A0C91BC942}") = "03-Framebuffers", "03-Framebuffers.vcxproj", "{CD86FAA4-3912-6869-4223-EB5DAE2DC469}"
	ProjectSection(ProjectDependencies) = postProject
		{652C880B-D135-887C-5AB1-9E7CC6B9937C} = {652C880B-D135-887C-5AB1-9E7CC6B9937C}
	EndProjectSection
EndProject
Project("{8BC9CEB8-8B4A-11D0-8D11-00A0C91BC942}") = "04-Mesh", "04-Mesh.vcxproj", "{038751EF-6F66-D08A-787E-5B61E4DC36EC}"
	ProjectSection(ProjectDependencies) = postProject
		{652C880B-D135-887C-5AB1-9E7CC6B9937C} = {652C880B-D135-887C-5AB1-9E7CC6B9937C}
	EndProjectSection
EndProject
Project("{8BC9CEB8-8B4A-11D0-8D11-00A0C91BC942}") = "06-PlanetEditor", "06-PlanetEditor.vcxproj", "{E3650B8E-4FF1-7852-5802-FC46C40CD552}"
	ProjectSection(ProjectDependencies) = postProject
		{652C880B-D135-887C-5AB1-9E7CC6B9937C} = {652C880B-D135-887C-5AB1-9E7CC6B9937C}
	EndProjectSection
EndProject
Global
	GlobalSection(SolutionConfigurationPlatforms) = preSolution
		Debug|Win32 = Debug|Win32
		Debug|x64 = Debug|x64
		Release|Win32 = Release|Win32
		Release|x64 = Release|x64
	EndGlobalSection
	GlobalSection(ProjectConfigurationPlatforms) = postSolution
		{4F736865-BB33-E49B-846E-2D19F0ED2878}.Debug|Win32.ActiveCfg = Debug|Win32
		{4F736865-BB33-E49B-846E-2D19F0ED2878}.Debug|Win32.Build.0 = Debug|Win32
		{4F736865-BB33-E49B-846E-2D19F0ED2878}.Debug|x64.ActiveCfg = Debug|x64
		{4F736865-BB33-E49B-846E-2D19F0ED2878}.Debug|x64.Build.0 = Debug|x64
		{4F736865-BB33-E49B-846E-2D19F0ED2878}.Release|Win32.ActiveCfg = Release|Win32
		{4F736865-BB33-E49B-846E-2D19F0ED2878}.Release|Win32.Build.0 = Release|Win32
		{4F736865-BB33-E49B-846E-2D19F0ED2878}.Release|x64.ActiveCfg = Release|x64
		{4F736865-BB33-E49B-846E-2D19F0ED2878}.Release|x64.Build.0 = Release|x64
		{652C880B-D135-887C-5AB1-9E7CC6B9937C}.Debug|Win32.ActiveCfg = Debug|Win32
		{652C880B-D135-887C-5AB1-9E7CC6B9937C}.Debug|Win32.Build.0 = Debug|Win32
		{652C880B-D135-887C-5AB1-9E7CC6B9937C}.Debug|x64.ActiveCfg = Debug|x64
		{652C880B-D135-887C-5AB1-9E7CC6B9937C}.Debug|x64.Build.0 = Debug|x64
		{652C880B-D135-887C-5AB1-9E7CC6B9937C}.Release|Win32.ActiveCfg = Release|Win32
		{652C880B-D135-887C-5AB1-9E7CC6B9937C}.Release|Win32.Build.0 = Release|Win32
		{652C880B-D135-887C-5AB1-9E7CC6B9937C}.Release|x64.ActiveCfg = Release|x64
		{652C880B-D135-887C-5AB1-9E7CC6B9937C}.Release|x64.Build.0 = Release|x64
		{C469880B-3073-887C-B9EE-9E7C25F7937C}.Debug|Win32.ActiveCfg = Debug|Win32
		{C469880B-3073-887C-B9EE-9E7C25F7937C}.Debug|Win32.Build.0 = Debug|Win32
		{C469880B-3073-887C-B9EE-9E7C25F7937C}.Debug|x64.ActiveCfg = Debug|x64
		{C469880B-3073-887C-B9EE-9E7C25F7937C}.Debug|x64.Build.0 = Debug|x64
		{C469880B-3073-887C-B9EE-9E7C25F7937C}.Release|Win32.ActiveCfg = Release|Win32
		{C469880B-3073-887C-B9EE-9E7C25F7937C}.Release|Win32.Build.0 = Release|Win32
		{C469880B-3073-887C-B9EE-9E7C25F7937C}.Release|x64.ActiveCfg = Release|x64
		{C469880B-3073-887C-B9EE-9E7C25F7937C}.Release|x64.Build.0 = Release|x64
		{42535671-AE13-D2A7-774E-1B25E3CD1684}.Debug|Win32.ActiveCfg = Debug|Win32
		{42535671-AE13-D2A7-774E-1B25E3CD1684}.Debug|Win32.Build.0 = Debug|Win32
		{42535671-AE13-D2A7-774E-1B25E3CD1684}.Debug|x64.ActiveCfg = Debug|x64
		{42535671-AE13-D2A7-774E-1B25E3CD1684}.Debug|x64.Build.0 = Debug|x64
		{42535671-AE13-D2A7-774E-1B25E3CD1684}.Release|Win32.ActiveCfg = Release|Win32
		{42535671-AE13-D2A7-774E-1B25E3CD1684}.Release|Win32.Build.0 = Release|Win32
		{42535671-AE13-D2A7-774E-1B25E3CD1684}.Release|x64.ActiveCfg = Release|x64
		{42535671-AE13-D2A7-774E-1B25E3CD1684}.Release|x64.Build.0 = Release|x64
		{CD86FAA4-3912-6869-4223-EB5DAE2DC469}.Debug|Win32.ActiveCfg = Debug|Win32
		{CD86FAA4-3912-6869-4223-EB5DAE2DC469}.Debug|Win32.Build.0 = Debug|Win32
		{CD86FAA4-3912-6869-4223-EB5DAE2DC469}.Debug|x64.ActiveCfg = Debug|x64
		{CD86FAA4-3912-6869-4223-EB5DAE2DC469}.Debug|x64.Build.0 = Debug|x64
		{CD86FAA4-3912-6869-4223-EB5DAE2DC469}.Release|Win32.ActiveCfg = Release|Win32
		{CD86FAA4-3912-6869-4223-EB5DAE2DC469}.Release|Win32.Build.0 = Release|Win32
		{CD86FAA4-3912-6869-4223-EB5DAE2DC469}.Release|x64.ActiveCfg = Release|x64
		{CD86FAA4-3912-6869-4223-EB5DAE2DC469}.Release|x64.Build.0 = Release|x64
		{038751EF-6F66-D08A-787E-5B61E4DC36EC}.Debug|Win32.ActiveCfg = Debug|Win32
		{038751EF-6F66-D08A-787E-5B61E4DC36EC}.Debug|Win32.Build.0 = Debug|Win32
		{038751EF-6F66-D08A-787E-5B61E4DC36EC}.Debug|x64.ActiveCfg = Debug|x64
		{038751EF-6F66-D08A-787E-5B61E4DC36EC}.Debug|x64.Build.0 = Debug|x64
		{038751EF-6F66-D08A-787E-5B61E4DC36EC}.Release|Win32.ActiveCfg = Release|Win32
		{038751EF-6F66-D08A-787E-5B61E4DC36EC}.Release|Win32.Build.0 = Release|Win32
		{038751EF-6F66-D08A-787E-5B61E4DC36EC}.Release|x64.ActiveCfg = Release|x64
		{038751EF-6F66-D08A-787E-5B61E4DC36EC}.Release|x64.Build.0 = Release|x64
		{E3650B8E-4FF1-7852-5802-FC46C40CD552}.Debug|Win32.ActiveCfg = Debug|Win32
		{E3650B8E-4FF1-7852-5802-FC46C40CD552}.Debug|Win32.Build.0 = Debug|Win32
		{E3650B8E-4FF1-7852-5802-FC46C40CD552}.Debug|x64.ActiveCfg = Debug|x64
		{E3650B8E-4FF1-7852-5802-FC46C40CD552}.Debug|x64.Build.0 = Debug|x64
		{E3650B8E-4FF1-7852-5802-FC46C40CD552}.Release|Win32.ActiveCfg = Release|Win32
		{E3650B8E-4FF1-7852-5802-FC46C40CD552}.Release|Win32.Build.0 = Release|Win32
		{E3650B8E-4FF1-7852-5802-FC46C40CD552}.Release|x64.ActiveCfg = Release|x64
		{E3650B8E-4FF1-7852-5802-FC46C40CD552}.Release|x64.Build.0 = Release|x64
	EndGlobalSection
	GlobalSection(SolutionProperties) = preSolution
		HideSolutionNode = FALSE
	EndGlobalSection
	GlobalSection(NestedProjects) = preSolution
	EndGlobalSection
EndGlobal
