<?xml version="1.0" encoding="utf-8"?>
<Project ToolsVersion="15.0" xmlns="http://schemas.microsoft.com/developer/msbuild/2003">
  <ItemGroup>
    <Filter Include="examples">
      <UniqueIdentifier>{84D830B1-70A5-8BBC-99BE-796485EAC04A}</UniqueIdentifier>
    </Filter>
    <Filter Include="examples\05-Materials">
      <UniqueIdentifier>{94E26946-004F-2541-C942-BD9E356E47A9}</UniqueIdentifier>
    </Filter>
  </ItemGroup>
  <ItemGroup>
    <None Include="..\..\examples\05-Materials\imgui.ini">
      <Filter>examples\05-Materials</Filter>
    </None>
  </ItemGroup>
  <ItemGroup>
    <ClInclude Include="..\..\examples\05-Materials\materials.h">
      <Filter>examples\05-Materials</Filter>
    </ClInclude>
  </ItemGroup>
  <ItemGroup>
    <ClCompile Include="..\..\examples\05-Materials\materials.cpp">
      <Filter>examples\05-Materials</Filter>
    </ClCompile>
  </ItemGroup>
</Project>
