<?xml version="1.0" encoding="utf-8"?>
<Project ToolsVersion="15.0" xmlns="http://schemas.microsoft.com/developer/msbuild/2003">
  <ItemGroup>
    <Filter Include="include">
      <UniqueIdentifier>{89AF369E-F58E-B539-FEA6-40106A051C9B}</UniqueIdentifier>
    </Filter>
    <Filter Include="include\components">
      <UniqueIdentifier>{8B2D536F-7711-14C5-E071-0E18CC74FE46}</UniqueIdentifier>
    </Filter>
    <Filter Include="include\core">
      <UniqueIdentifier>{4ECC076D-3A2F-9711-E3B4-CFC7CFF66294}</UniqueIdentifier>
    </Filter>
    <Filter Include="include\engine">
      <UniqueIdentifier>{FB67BED2-E735-B2D8-D0C9-22FFBC368E3D}</UniqueIdentifier>
    </Filter>
    <Filter Include="include\gameobjects">
      <UniqueIdentifier>{49FA1AF4-B55B-F801-3EC9-3EB4AA292FC1}</UniqueIdentifier>
    </Filter>
    <Filter Include="include\graphics">
      <UniqueIdentifier>{367BE17A-2274-00CD-4BA6-E55137FEDFD8}</UniqueIdentifier>
    </Filter>
    <Filter Include="include\graphics\materials">
      <UniqueIdentifier>{741CC65B-602C-722C-C9E5-D64AB51461C5}</UniqueIdentifier>
    </Filter>
    <Filter Include="include\graphics\ui">
      <UniqueIdentifier>{50CED2DE-BC2F-B0EC-459D-F69EB1FDE6AB}</UniqueIdentifier>
    </Filter>
    <Filter Include="include\memory">
      <UniqueIdentifier>{DE34C8E4-CA02-BCEA-B396-2C119F03984F}</UniqueIdentifier>
    </Filter>
    <Filter Include="include\utils">
      <UniqueIdentifier>{16A8490F-8268-C545-4BA3-0EC3B7220A22}</UniqueIdentifier>
    </Filter>
    <Filter Include="src">
      <UniqueIdentifier>{2DAB880B-99B4-887C-2230-9F7C8E38947C}</UniqueIdentifier>
    </Filter>
    <Filter Include="src\graphics">
      <UniqueIdentifier>{5ACF6266-4632-F20A-EFB7-2AC1DBF9BD8D}</UniqueIdentifier>
    </Filter>
    <Filter Include="src\graphics\backend">
      <UniqueIdentifier>{BE937584-AA22-FF4D-5341-13493FAF0FF4}</UniqueIdentifier>
    </Filter>
    <Filter Include="src\graphics\backend\dx11">
      <UniqueIdentifier>{B843D73D-2406-0BC8-6DB6-9954D9B7E3A5}</UniqueIdentifier>
    </Filter>
    <Filter Include="src\graphics\backend\opengl">
      <UniqueIdentifier>{7FA1EC29-EBAE-1A10-7495-16FBE0A1E6C6}</UniqueIdentifier>
    </Filter>
    <Filter Include="src\components">
      <UniqueIdentifier>{AF1A7A40-9BE8-6D46-847C-DE6C70E949AB}</UniqueIdentifier>
    </Filter>
    <Filter Include="src\core">
      <UniqueIdentifier>{72AE5CD2-5E7B-B7DD-8794-A58573C0EC6B}</UniqueIdentifier>
    </Filter>
    <Filter Include="src\engine">
      <UniqueIdentifier>{1F63D4E0-0B1B-162E-7422-EF8960F9B01E}</UniqueIdentifier>
    </Filter>
    <Filter Include="src\gameobject">
      <UniqueIdentifier>{3A043FA2-26D2-32A8-0F66-A3CEFBD20E0D}</UniqueIdentifier>
    </Filter>
    <Filter Include="src\graphics\materials">
      <UniqueIdentifier>{98ED0989-84E7-32DB-6D54-C9EB59ED9847}</UniqueIdentifier>
    </Filter>
    <Filter Include="src\graphics\ui">
      <UniqueIdentifier>{F45FD7D4-60EB-4499-69FC-C78DD506A199}</UniqueIdentifier>
    </Filter>
    <Filter Include="src\utils">
      <UniqueIdentifier>{BACE3A1F-2639-EF95-6F77-A03BDB20CDEA}</UniqueIdentifier>
    </Filter>
    <Filter Include="deps">
      <UniqueIdentifier>{F1A1957C-DDD8-960D-86C5-7C1072DB120F}</UniqueIdentifier>
    </Filter>
    <Filter Include="deps\glm">
      <UniqueIdentifier>{CD69BB31-B936-163D-E24F-04E5CE7B4BCB}</UniqueIdentifier>
    </Filter>
    <Filter Include="deps\glm\detail">
      <UniqueIdentifier>{DC66F95C-48F2-6621-5103-EA15BD0DC321}</UniqueIdentifier>
    </Filter>
    <Filter Include="deps\glm\ext">
      <UniqueIdentifier>{BAB8F911-A61B-89B6-4FA1-C16C3BE35439}</UniqueIdentifier>
    </Filter>
    <Filter Include="deps\glm\gtc">
      <UniqueIdentifier>{A7C0F911-9323-89B6-3CA9-C16C28EB5439}</UniqueIdentifier>
    </Filter>
    <Filter Include="deps\glm\gtx">
      <UniqueIdentifier>{BCC0F911-A823-89B6-51A9-C16C3DEB5439}</UniqueIdentifier>
    </Filter>
    <Filter Include="deps\glm\simd">
      <UniqueIdentifier>{F63C3851-62FD-B387-2B38-FD0497B7F863}</UniqueIdentifier>
    </Filter>
    <Filter Include="deps\stb">
      <UniqueIdentifier>{D69DBB31-C26A-163D-EB83-04E5D7AF4BCB}</UniqueIdentifier>
    </Filter>
    <Filter Include="deps\mesh">
      <UniqueIdentifier>{1AD12B69-863B-E0DF-CF79-91853B23BE34}</UniqueIdentifier>
    </Filter>
    <Filter Include="deps\mesh\voxelizer">
      <UniqueIdentifier>{1E86C6F4-8AE7-A302-1355-EAB47FB5DAC1}</UniqueIdentifier>
    </Filter>
    <Filter Include="deps\imgui">
      <UniqueIdentifier>{68C4618E-547C-A3DB-BD83-7C37A95A3ECC}</UniqueIdentifier>
    </Filter>
    <Filter Include="deps\glfw">
      <UniqueIdentifier>{FDA22869-690D-DDDF-B24B-8E851EF5BA34}</UniqueIdentifier>
    </Filter>
    <Filter Include="deps\glfw\include">
      <UniqueIdentifier>{FDE2C571-69F9-C307-B270-4F291EC6948F}</UniqueIdentifier>
    </Filter>
    <Filter Include="deps\glfw\include\GLFW">
      <UniqueIdentifier>{095395D7-F54C-BE29-DEB9-543ACA522496}</UniqueIdentifier>
    </Filter>
    <Filter Include="deps\glfw\src">
      <UniqueIdentifier>{A144C042-0D05-3C79-D63F-85F642BF8055}</UniqueIdentifier>
    </Filter>
    <Filter Include="deps\glew">
      <UniqueIdentifier>{DCA22869-480D-DDDF-914B-8E85FDF4BA34}</UniqueIdentifier>
    </Filter>
    <Filter Include="deps\glew\src">
      <UniqueIdentifier>{001C6B40-6CDC-E676-3517-30F4A1962B53}</UniqueIdentifier>
    </Filter>
  </ItemGroup>
  <ItemGroup>
    <None Include="..\..\deps\glm\detail\func_common.inl">
      <Filter>deps\glm\detail</Filter>
    </None>
    <None Include="..\..\deps\glm\detail\func_common_simd.inl">
      <Filter>deps\glm\detail</Filter>
    </None>
    <None Include="..\..\deps\glm\detail\func_exponential.inl">
      <Filter>deps\glm\detail</Filter>
    </None>
    <None Include="..\..\deps\glm\detail\func_exponential_simd.inl">
      <Filter>deps\glm\detail</Filter>
    </None>
    <None Include="..\..\deps\glm\detail\func_geometric.inl">
      <Filter>deps\glm\detail</Filter>
    </None>
    <None Include="..\..\deps\glm\detail\func_geometric_simd.inl">
      <Filter>deps\glm\detail</Filter>
    </None>
    <None Include="..\..\deps\glm\detail\func_integer.inl">
      <Filter>deps\glm\detail</Filter>
    </None>
    <None Include="..\..\deps\glm\detail\func_integer_simd.inl">
      <Filter>deps\glm\detail</Filter>
    </None>
    <None Include="..\..\deps\glm\detail\func_matrix.inl">
      <Filter>deps\glm\detail</Filter>
    </None>
    <None Include="..\..\deps\glm\detail\func_matrix_simd.inl">
      <Filter>deps\glm\detail</Filter>
    </None>
    <None Include="..\..\deps\glm\detail\func_packing.inl">
      <Filter>deps\glm\detail</Filter>
    </None>
    <None Include="..\..\deps\glm\detail\func_packing_simd.inl">
      <Filter>deps\glm\detail</Filter>
    </None>
    <None Include="..\..\deps\glm\detail\func_trigonometric.inl">
      <Filter>deps\glm\detail</Filter>
    </None>
    <None Include="..\..\deps\glm\detail\func_trigonometric_simd.inl">
      <Filter>deps\glm\detail</Filter>
    </None>
    <None Include="..\..\deps\glm\detail\func_vector_relational.inl">
      <Filter>deps\glm\detail</Filter>
    </None>
    <None Include="..\..\deps\glm\detail\func_vector_relational_simd.inl">
      <Filter>deps\glm\detail</Filter>
    </None>
    <None Include="..\..\deps\glm\detail\type_gentype.inl">
      <Filter>deps\glm\detail</Filter>
    </None>
    <None Include="..\..\deps\glm\detail\type_half.inl">
      <Filter>deps\glm\detail</Filter>
    </None>
    <None Include="..\..\deps\glm\detail\type_mat.inl">
      <Filter>deps\glm\detail</Filter>
    </None>
    <None Include="..\..\deps\glm\detail\type_mat2x2.inl">
      <Filter>deps\glm\detail</Filter>
    </None>
    <None Include="..\..\deps\glm\detail\type_mat2x3.inl">
      <Filter>deps\glm\detail</Filter>
    </None>
    <None Include="..\..\deps\glm\detail\type_mat2x4.inl">
      <Filter>deps\glm\detail</Filter>
    </None>
    <None Include="..\..\deps\glm\detail\type_mat3x2.inl">
      <Filter>deps\glm\detail</Filter>
    </None>
    <None Include="..\..\deps\glm\detail\type_mat3x3.inl">
      <Filter>deps\glm\detail</Filter>
    </None>
    <None Include="..\..\deps\glm\detail\type_mat3x4.inl">
      <Filter>deps\glm\detail</Filter>
    </None>
    <None Include="..\..\deps\glm\detail\type_mat4x2.inl">
      <Filter>deps\glm\detail</Filter>
    </None>
    <None Include="..\..\deps\glm\detail\type_mat4x3.inl">
      <Filter>deps\glm\detail</Filter>
    </None>
    <None Include="..\..\deps\glm\detail\type_mat4x4.inl">
      <Filter>deps\glm\detail</Filter>
    </None>
    <None Include="..\..\deps\glm\detail\type_mat4x4_simd.inl">
      <Filter>deps\glm\detail</Filter>
    </None>
    <None Include="..\..\deps\glm\detail\type_vec.inl">
      <Filter>deps\glm\detail</Filter>
    </None>
    <None Include="..\..\deps\glm\detail\type_vec1.inl">
      <Filter>deps\glm\detail</Filter>
    </None>
    <None Include="..\..\deps\glm\detail\type_vec2.inl">
      <Filter>deps\glm\detail</Filter>
    </None>
    <None Include="..\..\deps\glm\detail\type_vec3.inl">
      <Filter>deps\glm\detail</Filter>
    </None>
    <None Include="..\..\deps\glm\detail\type_vec4.inl">
      <Filter>deps\glm\detail</Filter>
    </None>
    <None Include="..\..\deps\glm\detail\type_vec4_simd.inl">
      <Filter>deps\glm\detail</Filter>
    </None>
    <None Include="..\..\deps\glm\ext\vec1.inl">
      <Filter>deps\glm\ext</Filter>
    </None>
    <None Include="..\..\deps\glm\ext\vector_relational.inl">
      <Filter>deps\glm\ext</Filter>
    </None>
    <None Include="..\..\deps\glm\gtc\bitfield.inl">
      <Filter>deps\glm\gtc</Filter>
    </None>
    <None Include="..\..\deps\glm\gtc\color_space.inl">
      <Filter>deps\glm\gtc</Filter>
    </None>
    <None Include="..\..\deps\glm\gtc\constants.inl">
      <Filter>deps\glm\gtc</Filter>
    </None>
    <None Include="..\..\deps\glm\gtc\epsilon.inl">
      <Filter>deps\glm\gtc</Filter>
    </None>
    <None Include="..\..\deps\glm\gtc\integer.inl">
      <Filter>deps\glm\gtc</Filter>
    </None>
    <None Include="..\..\deps\glm\gtc\matrix_access.inl">
      <Filter>deps\glm\gtc</Filter>
    </None>
    <None Include="..\..\deps\glm\gtc\matrix_inverse.inl">
      <Filter>deps\glm\gtc</Filter>
    </None>
    <None Include="..\..\deps\glm\gtc\matrix_transform.inl">
      <Filter>deps\glm\gtc</Filter>
    </None>
    <None Include="..\..\deps\glm\gtc\noise.inl">
      <Filter>deps\glm\gtc</Filter>
    </None>
    <None Include="..\..\deps\glm\gtc\packing.inl">
      <Filter>deps\glm\gtc</Filter>
    </None>
    <None Include="..\..\deps\glm\gtc\quaternion.inl">
      <Filter>deps\glm\gtc</Filter>
    </None>
    <None Include="..\..\deps\glm\gtc\quaternion_simd.inl">
      <Filter>deps\glm\gtc</Filter>
    </None>
    <None Include="..\..\deps\glm\gtc\random.inl">
      <Filter>deps\glm\gtc</Filter>
    </None>
    <None Include="..\..\deps\glm\gtc\reciprocal.inl">
      <Filter>deps\glm\gtc</Filter>
    </None>
    <None Include="..\..\deps\glm\gtc\round.inl">
      <Filter>deps\glm\gtc</Filter>
    </None>
    <None Include="..\..\deps\glm\gtc\type_precision.inl">
      <Filter>deps\glm\gtc</Filter>
    </None>
    <None Include="..\..\deps\glm\gtc\type_ptr.inl">
      <Filter>deps\glm\gtc</Filter>
    </None>
    <None Include="..\..\deps\glm\gtc\ulp.inl">
      <Filter>deps\glm\gtc</Filter>
    </None>
    <None Include="..\..\deps\glm\gtc\vec1.inl">
      <Filter>deps\glm\gtc</Filter>
    </None>
    <None Include="..\..\deps\glm\gtx\associated_min_max.inl">
      <Filter>deps\glm\gtx</Filter>
    </None>
    <None Include="..\..\deps\glm\gtx\bit.inl">
      <Filter>deps\glm\gtx</Filter>
    </None>
    <None Include="..\..\deps\glm\gtx\closest_point.inl">
      <Filter>deps\glm\gtx</Filter>
    </None>
    <None Include="..\..\deps\glm\gtx\color_encoding.inl">
      <Filter>deps\glm\gtx</Filter>
    </None>
    <None Include="..\..\deps\glm\gtx\color_space.inl">
      <Filter>deps\glm\gtx</Filter>
    </None>
    <None Include="..\..\deps\glm\gtx\color_space_YCoCg.inl">
      <Filter>deps\glm\gtx</Filter>
    </None>
    <None Include="..\..\deps\glm\gtx\common.inl">
      <Filter>deps\glm\gtx</Filter>
    </None>
    <None Include="..\..\deps\glm\gtx\compatibility.inl">
      <Filter>deps\glm\gtx</Filter>
    </None>
    <None Include="..\..\deps\glm\gtx\component_wise.inl">
      <Filter>deps\glm\gtx</Filter>
    </None>
    <None Include="..\..\deps\glm\gtx\dual_quaternion.inl">
      <Filter>deps\glm\gtx</Filter>
    </None>
    <None Include="..\..\deps\glm\gtx\euler_angles.inl">
      <Filter>deps\glm\gtx</Filter>
    </None>
    <None Include="..\..\deps\glm\gtx\extend.inl">
      <Filter>deps\glm\gtx</Filter>
    </None>
    <None Include="..\..\deps\glm\gtx\extended_min_max.inl">
      <Filter>deps\glm\gtx</Filter>
    </None>
    <None Include="..\..\deps\glm\gtx\exterior_product.inl">
      <Filter>deps\glm\gtx</Filter>
    </None>
    <None Include="..\..\deps\glm\gtx\fast_exponential.inl">
      <Filter>deps\glm\gtx</Filter>
    </None>
    <None Include="..\..\deps\glm\gtx\fast_square_root.inl">
      <Filter>deps\glm\gtx</Filter>
    </None>
    <None Include="..\..\deps\glm\gtx\fast_trigonometry.inl">
      <Filter>deps\glm\gtx</Filter>
    </None>
    <None Include="..\..\deps\glm\gtx\float_notmalize.inl">
      <Filter>deps\glm\gtx</Filter>
    </None>
    <None Include="..\..\deps\glm\gtx\functions.inl">
      <Filter>deps\glm\gtx</Filter>
    </None>
    <None Include="..\..\deps\glm\gtx\gradient_paint.inl">
      <Filter>deps\glm\gtx</Filter>
    </None>
    <None Include="..\..\deps\glm\gtx\handed_coordinate_space.inl">
      <Filter>deps\glm\gtx</Filter>
    </None>
    <None Include="..\..\deps\glm\gtx\hash.inl">
      <Filter>deps\glm\gtx</Filter>
    </None>
    <None Include="..\..\deps\glm\gtx\integer.inl">
      <Filter>deps\glm\gtx</Filter>
    </None>
    <None Include="..\..\deps\glm\gtx\intersect.inl">
      <Filter>deps\glm\gtx</Filter>
    </None>
    <None Include="..\..\deps\glm\gtx\io.inl">
      <Filter>deps\glm\gtx</Filter>
    </None>
    <None Include="..\..\deps\glm\gtx\log_base.inl">
      <Filter>deps\glm\gtx</Filter>
    </None>
    <None Include="..\..\deps\glm\gtx\matrix_cross_product.inl">
      <Filter>deps\glm\gtx</Filter>
    </None>
    <None Include="..\..\deps\glm\gtx\matrix_decompose.inl">
      <Filter>deps\glm\gtx</Filter>
    </None>
    <None Include="..\..\deps\glm\gtx\matrix_factorisation.inl">
      <Filter>deps\glm\gtx</Filter>
    </None>
    <None Include="..\..\deps\glm\gtx\matrix_interpolation.inl">
      <Filter>deps\glm\gtx</Filter>
    </None>
    <None Include="..\..\deps\glm\gtx\matrix_major_storage.inl">
      <Filter>deps\glm\gtx</Filter>
    </None>
    <None Include="..\..\deps\glm\gtx\matrix_operation.inl">
      <Filter>deps\glm\gtx</Filter>
    </None>
    <None Include="..\..\deps\glm\gtx\matrix_query.inl">
      <Filter>deps\glm\gtx</Filter>
    </None>
    <None Include="..\..\deps\glm\gtx\matrix_transform_2d.inl">
      <Filter>deps\glm\gtx</Filter>
    </None>
    <None Include="..\..\deps\glm\gtx\mixed_product.inl">
      <Filter>deps\glm\gtx</Filter>
    </None>
    <None Include="..\..\deps\glm\gtx\norm.inl">
      <Filter>deps\glm\gtx</Filter>
    </None>
    <None Include="..\..\deps\glm\gtx\normal.inl">
      <Filter>deps\glm\gtx</Filter>
    </None>
    <None Include="..\..\deps\glm\gtx\normalize_dot.inl">
      <Filter>deps\glm\gtx</Filter>
    </None>
    <None Include="..\..\deps\glm\gtx\number_precision.inl">
      <Filter>deps\glm\gtx</Filter>
    </None>
    <None Include="..\..\deps\glm\gtx\optimum_pow.inl">
      <Filter>deps\glm\gtx</Filter>
    </None>
    <None Include="..\..\deps\glm\gtx\orthonormalize.inl">
      <Filter>deps\glm\gtx</Filter>
    </None>
    <None Include="..\..\deps\glm\gtx\perpendicular.inl">
      <Filter>deps\glm\gtx</Filter>
    </None>
    <None Include="..\..\deps\glm\gtx\polar_coordinates.inl">
      <Filter>deps\glm\gtx</Filter>
    </None>
    <None Include="..\..\deps\glm\gtx\projection.inl">
      <Filter>deps\glm\gtx</Filter>
    </None>
    <None Include="..\..\deps\glm\gtx\quaternion.inl">
      <Filter>deps\glm\gtx</Filter>
    </None>
    <None Include="..\..\deps\glm\gtx\raw_data.inl">
      <Filter>deps\glm\gtx</Filter>
    </None>
    <None Include="..\..\deps\glm\gtx\rotate_normalized_axis.inl">
      <Filter>deps\glm\gtx</Filter>
    </None>
    <None Include="..\..\deps\glm\gtx\rotate_vector.inl">
      <Filter>deps\glm\gtx</Filter>
    </None>
    <None Include="..\..\deps\glm\gtx\scalar_relational.inl">
      <Filter>deps\glm\gtx</Filter>
    </None>
    <None Include="..\..\deps\glm\gtx\spline.inl">
      <Filter>deps\glm\gtx</Filter>
    </None>
    <None Include="..\..\deps\glm\gtx\std_based_type.inl">
      <Filter>deps\glm\gtx</Filter>
    </None>
    <None Include="..\..\deps\glm\gtx\string_cast.inl">
      <Filter>deps\glm\gtx</Filter>
    </None>
    <None Include="..\..\deps\glm\gtx\texture.inl">
      <Filter>deps\glm\gtx</Filter>
    </None>
    <None Include="..\..\deps\glm\gtx\transform.inl">
      <Filter>deps\glm\gtx</Filter>
    </None>
    <None Include="..\..\deps\glm\gtx\transform2.inl">
      <Filter>deps\glm\gtx</Filter>
    </None>
    <None Include="..\..\deps\glm\gtx\type_aligned.inl">
      <Filter>deps\glm\gtx</Filter>
    </None>
    <None Include="..\..\deps\glm\gtx\type_trait.inl">
      <Filter>deps\glm\gtx</Filter>
    </None>
    <None Include="..\..\deps\glm\gtx\vector_angle.inl">
      <Filter>deps\glm\gtx</Filter>
    </None>
    <None Include="..\..\deps\glm\gtx\vector_query.inl">
      <Filter>deps\glm\gtx</Filter>
    </None>
    <None Include="..\..\deps\glm\gtx\wrap.inl">
      <Filter>deps\glm\gtx</Filter>
    </None>
    <None Include="..\..\deps\stb\README.md">
      <Filter>deps\stb</Filter>
    </None>
    <None Include="..\..\deps\mesh\LICENSE">
      <Filter>deps\mesh</Filter>
    </None>
    <None Include="..\..\deps\mesh\README.md">
      <Filter>deps\mesh</Filter>
    </None>
    <None Include="..\..\deps\mesh\voxelizer\README.md">
      <Filter>deps\mesh\voxelizer</Filter>
    </None>
  </ItemGroup>
  <ItemGroup>
    <ClInclude Include="..\..\include\components\camera.h">
      <Filter>include\components</Filter>
    </ClInclude>
    <ClInclude Include="..\..\include\components\custom.h">
      <Filter>include\components</Filter>
    </ClInclude>
    <ClInclude Include="..\..\include\components\ibl.h">
      <Filter>include\components</Filter>
    </ClInclude>
    <ClInclude Include="..\..\include\components\light.h">
      <Filter>include\components</Filter>
    </ClInclude>
    <ClInclude Include="..\..\include\components\mesh_filter.h">
      <Filter>include\components</Filter>
    </ClInclude>
    <ClInclude Include="..\..\include\components\renderer.h">
      <Filter>include\components</Filter>
    </ClInclude>
    <ClInclude Include="..\..\include\components\transform.h">
      <Filter>include\components</Filter>
    </ClInclude>
    <ClInclude Include="..\..\include\core\assets.h">
      <Filter>include\core</Filter>
    </ClInclude>
    <ClInclude Include="..\..\include\core\component.h">
      <Filter>include\core</Filter>
    </ClInclude>
    <ClInclude Include="..\..\include\core\gameobject.h">
      <Filter>include\core</Filter>
    </ClInclude>
    <ClInclude Include="..\..\include\core\object.h">
      <Filter>include\core</Filter>
    </ClInclude>
    <ClInclude Include="..\..\include\core\scene.h">
      <Filter>include\core</Filter>
    </ClInclude>
    <ClInclude Include="..\..\include\engine\application.h">
      <Filter>include\engine</Filter>
    </ClInclude>
    <ClInclude Include="..\..\include\engine\core_minimal.h">
      <Filter>include\engine</Filter>
    </ClInclude>
    <ClInclude Include="..\..\include\engine\engine.h">
      <Filter>include\engine</Filter>
    </ClInclude>
    <ClInclude Include="..\..\include\engine\gpu.h">
      <Filter>include\engine</Filter>
    </ClInclude>
    <ClInclude Include="..\..\include\engine\ignore_warnings.h">
      <Filter>include\engine</Filter>
    </ClInclude>
    <ClInclude Include="..\..\include\engine\types.h">
      <Filter>include\engine</Filter>
    </ClInclude>
    <ClInclude Include="..\..\include\gameobjects\skybox.h">
      <Filter>include\gameobjects</Filter>
    </ClInclude>
    <ClInclude Include="..\..\include\graphics\composer.h">
      <Filter>include\graphics</Filter>
    </ClInclude>
    <ClInclude Include="..\..\include\graphics\display_list.h">
      <Filter>include\graphics</Filter>
    </ClInclude>
    <ClInclude Include="..\..\include\graphics\dl_command.h">
      <Filter>include\graphics</Filter>
    </ClInclude>
    <ClInclude Include="..\..\include\graphics\gpu_instances.h">
      <Filter>include\graphics</Filter>
    </ClInclude>
    <ClInclude Include="..\..\include\graphics\gpu_resources.h">
      <Filter>include\graphics</Filter>
    </ClInclude>
    <ClInclude Include="..\..\include\graphics\mesh.h">
      <Filter>include\graphics</Filter>
    </ClInclude>
    <ClInclude Include="..\..\include\graphics\render_context.h">
      <Filter>include\graphics</Filter>
    </ClInclude>
    <ClInclude Include="..\..\include\graphics\texture.h">
      <Filter>include\graphics</Filter>
    </ClInclude>
    <ClInclude Include="..\..\include\graphics\window.h">
      <Filter>include\graphics</Filter>
    </ClInclude>
    <ClInclude Include="..\..\include\graphics\materials\material.h">
      <Filter>include\graphics\materials</Filter>
    </ClInclude>
    <ClInclude Include="..\..\include\graphics\materials\material_instance.h">
      <Filter>include\graphics\materials</Filter>
    </ClInclude>
    <ClInclude Include="..\..\include\graphics\materials\pass_filters.h">
      <Filter>include\graphics\materials</Filter>
    </ClInclude>
    <ClInclude Include="..\..\include\graphics\materials\render_pass.h">
      <Filter>include\graphics\materials</Filter>
    </ClInclude>
    <ClInclude Include="..\..\include\graphics\materials\render_pass_instance.h">
      <Filter>include\graphics\materials</Filter>
    </ClInclude>
    <ClInclude Include="..\..\include\graphics\materials\shader.h">
      <Filter>include\graphics\materials</Filter>
    </ClInclude>
    <ClInclude Include="..\..\include\graphics\materials\skybox.h">
      <Filter>include\graphics\materials</Filter>
    </ClInclude>
    <ClInclude Include="..\..\include\graphics\materials\standard.h">
      <Filter>include\graphics\materials</Filter>
    </ClInclude>
    <ClInclude Include="..\..\include\graphics\materials\standard_pass.h">
      <Filter>include\graphics\materials</Filter>
    </ClInclude>
    <ClInclude Include="..\..\include\graphics\materials\unlit.h">
      <Filter>include\graphics\materials</Filter>
    </ClInclude>
    <ClInclude Include="..\..\include\graphics\ui\editor.h">
      <Filter>include\graphics\ui</Filter>
    </ClInclude>
    <ClInclude Include="..\..\include\graphics\ui\log.h">
      <Filter>include\graphics\ui</Filter>
    </ClInclude>
    <ClInclude Include="..\..\include\graphics\ui\ui.h">
      <Filter>include\graphics\ui</Filter>
    </ClInclude>
    <ClInclude Include="..\..\include\memory\referenced.h">
      <Filter>include\memory</Filter>
    </ClInclude>
    <ClInclude Include="..\..\include\memory\ref_ptr.h">
      <Filter>include\memory</Filter>
    </ClInclude>
    <ClInclude Include="..\..\include\memory\scoped_array.h">
      <Filter>include\memory</Filter>
    </ClInclude>
    <ClInclude Include="..\..\include\memory\scoped_ptr.h">
      <Filter>include\memory</Filter>
    </ClInclude>
    <ClInclude Include="..\..\include\utils\color.h">
      <Filter>include\utils</Filter>
    </ClInclude>
    <ClInclude Include="..\..\include\utils\gradient.h">
      <Filter>include\utils</Filter>
    </ClInclude>
    <ClInclude Include="..\..\include\utils\math.h">
      <Filter>include\utils</Filter>
    </ClInclude>
    <ClInclude Include="..\..\include\utils\minmax.h">
      <Filter>include\utils</Filter>
    </ClInclude>
    <ClInclude Include="..\..\include\utils\noise.h">
      <Filter>include\utils</Filter>
    </ClInclude>
    <ClInclude Include="..\..\include\utils\timer.h">
      <Filter>include\utils</Filter>
    </ClInclude>
    <ClInclude Include="..\..\src\graphics\window_structure.h">
      <Filter>src\graphics</Filter>
    </ClInclude>
    <ClInclude Include="..\..\src\graphics\backend\dx11\dx11.h">
      <Filter>src\graphics\backend\dx11</Filter>
    </ClInclude>
    <ClInclude Include="..\..\src\graphics\backend\dx11\dx11_backend.h">
      <Filter>src\graphics\backend\dx11</Filter>
    </ClInclude>
    <ClInclude Include="..\..\src\graphics\backend\dx11\dx11_imgui.h">
      <Filter>src\graphics\backend\dx11</Filter>
    </ClInclude>
    <ClInclude Include="..\..\src\graphics\backend\dx11\dx11_window.h">
      <Filter>src\graphics\backend\dx11</Filter>
    </ClInclude>
    <ClInclude Include="..\..\src\graphics\backend\dx11\dx11_window_struct.h">
      <Filter>src\graphics\backend\dx11</Filter>
    </ClInclude>
    <ClInclude Include="..\..\src\graphics\backend\opengl\gl.h">
      <Filter>src\graphics\backend\opengl</Filter>
    </ClInclude>
    <ClInclude Include="..\..\src\graphics\backend\opengl\gl_backend.h">
      <Filter>src\graphics\backend\opengl</Filter>
    </ClInclude>
    <ClInclude Include="..\..\src\graphics\backend\opengl\gl_imgui.h">
      <Filter>src\graphics\backend\opengl</Filter>
    </ClInclude>
    <ClInclude Include="..\..\src\graphics\backend\opengl\gl_window.h">
      <Filter>src\graphics\backend\opengl</Filter>
    </ClInclude>
    <ClInclude Include="..\..\src\graphics\backend\opengl\gl_window_struct.h">
      <Filter>src\graphics\backend\opengl</Filter>
    </ClInclude>
    <ClInclude Include="..\..\deps\glm\common.hpp">
      <Filter>deps\glm</Filter>
    </ClInclude>
    <ClInclude Include="..\..\deps\glm\exponential.hpp">
      <Filter>deps\glm</Filter>
    </ClInclude>
    <ClInclude Include="..\..\deps\glm\ext.hpp">
      <Filter>deps\glm</Filter>
    </ClInclude>
    <ClInclude Include="..\..\deps\glm\fwd.hpp">
      <Filter>deps\glm</Filter>
    </ClInclude>
    <ClInclude Include="..\..\deps\glm\geometric.hpp">
      <Filter>deps\glm</Filter>
    </ClInclude>
    <ClInclude Include="..\..\deps\glm\glm.hpp">
      <Filter>deps\glm</Filter>
    </ClInclude>
    <ClInclude Include="..\..\deps\glm\integer.hpp">
      <Filter>deps\glm</Filter>
    </ClInclude>
    <ClInclude Include="..\..\deps\glm\mat2x2.hpp">
      <Filter>deps\glm</Filter>
    </ClInclude>
    <ClInclude Include="..\..\deps\glm\mat2x3.hpp">
      <Filter>deps\glm</Filter>
    </ClInclude>
    <ClInclude Include="..\..\deps\glm\mat2x4.hpp">
      <Filter>deps\glm</Filter>
    </ClInclude>
    <ClInclude Include="..\..\deps\glm\mat3x2.hpp">
      <Filter>deps\glm</Filter>
    </ClInclude>
    <ClInclude Include="..\..\deps\glm\mat3x3.hpp">
      <Filter>deps\glm</Filter>
    </ClInclude>
    <ClInclude Include="..\..\deps\glm\mat3x4.hpp">
      <Filter>deps\glm</Filter>
    </ClInclude>
    <ClInclude Include="..\..\deps\glm\mat4x2.hpp">
      <Filter>deps\glm</Filter>
    </ClInclude>
    <ClInclude Include="..\..\deps\glm\mat4x3.hpp">
      <Filter>deps\glm</Filter>
    </ClInclude>
    <ClInclude Include="..\..\deps\glm\mat4x4.hpp">
      <Filter>deps\glm</Filter>
    </ClInclude>
    <ClInclude Include="..\..\deps\glm\matrix.hpp">
      <Filter>deps\glm</Filter>
    </ClInclude>
    <ClInclude Include="..\..\deps\glm\packing.hpp">
      <Filter>deps\glm</Filter>
    </ClInclude>
    <ClInclude Include="..\..\deps\glm\trigonometric.hpp">
      <Filter>deps\glm</Filter>
    </ClInclude>
    <ClInclude Include="..\..\deps\glm\vec2.hpp">
      <Filter>deps\glm</Filter>
    </ClInclude>
    <ClInclude Include="..\..\deps\glm\vec3.hpp">
      <Filter>deps\glm</Filter>
    </ClInclude>
    <ClInclude Include="..\..\deps\glm\vec4.hpp">
      <Filter>deps\glm</Filter>
    </ClInclude>
    <ClInclude Include="..\..\deps\glm\vector_relational.hpp">
      <Filter>deps\glm</Filter>
    </ClInclude>
    <ClInclude Include="..\..\deps\glm\detail\compute_vector_relational.hpp">
      <Filter>deps\glm\detail</Filter>
    </ClInclude>
    <ClInclude Include="..\..\deps\glm\detail\qualifier.hpp">
      <Filter>deps\glm\detail</Filter>
    </ClInclude>
    <ClInclude Include="..\..\deps\glm\detail\setup.hpp">
      <Filter>deps\glm\detail</Filter>
    </ClInclude>
    <ClInclude Include="..\..\deps\glm\detail\type_float.hpp">
      <Filter>deps\glm\detail</Filter>
    </ClInclude>
    <ClInclude Include="..\..\deps\glm\detail\type_gentype.hpp">
      <Filter>deps\glm\detail</Filter>
    </ClInclude>
    <ClInclude Include="..\..\deps\glm\detail\type_half.hpp">
      <Filter>deps\glm\detail</Filter>
    </ClInclude>
    <ClInclude Include="..\..\deps\glm\detail\type_int.hpp">
      <Filter>deps\glm\detail</Filter>
    </ClInclude>
    <ClInclude Include="..\..\deps\glm\detail\type_mat.hpp">
      <Filter>deps\glm\detail</Filter>
    </ClInclude>
    <ClInclude Include="..\..\deps\glm\detail\type_mat2x2.hpp">
      <Filter>deps\glm\detail</Filter>
    </ClInclude>
    <ClInclude Include="..\..\deps\glm\detail\type_mat2x3.hpp">
      <Filter>deps\glm\detail</Filter>
    </ClInclude>
    <ClInclude Include="..\..\deps\glm\detail\type_mat2x4.hpp">
      <Filter>deps\glm\detail</Filter>
    </ClInclude>
    <ClInclude Include="..\..\deps\glm\detail\type_mat3x2.hpp">
      <Filter>deps\glm\detail</Filter>
    </ClInclude>
    <ClInclude Include="..\..\deps\glm\detail\type_mat3x3.hpp">
      <Filter>deps\glm\detail</Filter>
    </ClInclude>
    <ClInclude Include="..\..\deps\glm\detail\type_mat3x4.hpp">
      <Filter>deps\glm\detail</Filter>
    </ClInclude>
    <ClInclude Include="..\..\deps\glm\detail\type_mat4x2.hpp">
      <Filter>deps\glm\detail</Filter>
    </ClInclude>
    <ClInclude Include="..\..\deps\glm\detail\type_mat4x3.hpp">
      <Filter>deps\glm\detail</Filter>
    </ClInclude>
    <ClInclude Include="..\..\deps\glm\detail\type_mat4x4.hpp">
      <Filter>deps\glm\detail</Filter>
    </ClInclude>
    <ClInclude Include="..\..\deps\glm\detail\type_vec.hpp">
      <Filter>deps\glm\detail</Filter>
    </ClInclude>
    <ClInclude Include="..\..\deps\glm\detail\type_vec1.hpp">
      <Filter>deps\glm\detail</Filter>
    </ClInclude>
    <ClInclude Include="..\..\deps\glm\detail\type_vec2.hpp">
      <Filter>deps\glm\detail</Filter>
    </ClInclude>
    <ClInclude Include="..\..\deps\glm\detail\type_vec3.hpp">
      <Filter>deps\glm\detail</Filter>
    </ClInclude>
    <ClInclude Include="..\..\deps\glm\detail\type_vec4.hpp">
      <Filter>deps\glm\detail</Filter>
    </ClInclude>
    <ClInclude Include="..\..\deps\glm\detail\_features.hpp">
      <Filter>deps\glm\detail</Filter>
    </ClInclude>
    <ClInclude Include="..\..\deps\glm\detail\_fixes.hpp">
      <Filter>deps\glm\detail</Filter>
    </ClInclude>
    <ClInclude Include="..\..\deps\glm\detail\_noise.hpp">
      <Filter>deps\glm\detail</Filter>
    </ClInclude>
    <ClInclude Include="..\..\deps\glm\detail\_swizzle.hpp">
      <Filter>deps\glm\detail</Filter>
    </ClInclude>
    <ClInclude Include="..\..\deps\glm\detail\_swizzle_func.hpp">
      <Filter>deps\glm\detail</Filter>
    </ClInclude>
    <ClInclude Include="..\..\deps\glm\detail\_vectorize.hpp">
      <Filter>deps\glm\detail</Filter>
    </ClInclude>
    <ClInclude Include="..\..\deps\glm\ext\vec1.hpp">
      <Filter>deps\glm\ext</Filter>
    </ClInclude>
    <ClInclude Include="..\..\deps\glm\ext\vector_relational.hpp">
      <Filter>deps\glm\ext</Filter>
    </ClInclude>
    <ClInclude Include="..\..\deps\glm\gtc\bitfield.hpp">
      <Filter>deps\glm\gtc</Filter>
    </ClInclude>
    <ClInclude Include="..\..\deps\glm\gtc\color_space.hpp">
      <Filter>deps\glm\gtc</Filter>
    </ClInclude>
    <ClInclude Include="..\..\deps\glm\gtc\constants.hpp">
      <Filter>deps\glm\gtc</Filter>
    </ClInclude>
    <ClInclude Include="..\..\deps\glm\gtc\epsilon.hpp">
      <Filter>deps\glm\gtc</Filter>
    </ClInclude>
    <ClInclude Include="..\..\deps\glm\gtc\integer.hpp">
      <Filter>deps\glm\gtc</Filter>
    </ClInclude>
    <ClInclude Include="..\..\deps\glm\gtc\matrix_access.hpp">
      <Filter>deps\glm\gtc</Filter>
    </ClInclude>
    <ClInclude Include="..\..\deps\glm\gtc\matrix_integer.hpp">
      <Filter>deps\glm\gtc</Filter>
    </ClInclude>
    <ClInclude Include="..\..\deps\glm\gtc\matrix_inverse.hpp">
      <Filter>deps\glm\gtc</Filter>
    </ClInclude>
    <ClInclude Include="..\..\deps\glm\gtc\matrix_transform.hpp">
      <Filter>deps\glm\gtc</Filter>
    </ClInclude>
    <ClInclude Include="..\..\deps\glm\gtc\noise.hpp">
      <Filter>deps\glm\gtc</Filter>
    </ClInclude>
    <ClInclude Include="..\..\deps\glm\gtc\packing.hpp">
      <Filter>deps\glm\gtc</Filter>
    </ClInclude>
    <ClInclude Include="..\..\deps\glm\gtc\quaternion.hpp">
      <Filter>deps\glm\gtc</Filter>
    </ClInclude>
    <ClInclude Include="..\..\deps\glm\gtc\random.hpp">
      <Filter>deps\glm\gtc</Filter>
    </ClInclude>
    <ClInclude Include="..\..\deps\glm\gtc\reciprocal.hpp">
      <Filter>deps\glm\gtc</Filter>
    </ClInclude>
    <ClInclude Include="..\..\deps\glm\gtc\round.hpp">
      <Filter>deps\glm\gtc</Filter>
    </ClInclude>
    <ClInclude Include="..\..\deps\glm\gtc\type_aligned.hpp">
      <Filter>deps\glm\gtc</Filter>
    </ClInclude>
    <ClInclude Include="..\..\deps\glm\gtc\type_precision.hpp">
      <Filter>deps\glm\gtc</Filter>
    </ClInclude>
    <ClInclude Include="..\..\deps\glm\gtc\type_ptr.hpp">
      <Filter>deps\glm\gtc</Filter>
    </ClInclude>
    <ClInclude Include="..\..\deps\glm\gtc\ulp.hpp">
      <Filter>deps\glm\gtc</Filter>
    </ClInclude>
    <ClInclude Include="..\..\deps\glm\gtc\vec1.hpp">
      <Filter>deps\glm\gtc</Filter>
    </ClInclude>
    <ClInclude Include="..\..\deps\glm\gtx\associated_min_max.hpp">
      <Filter>deps\glm\gtx</Filter>
    </ClInclude>
    <ClInclude Include="..\..\deps\glm\gtx\bit.hpp">
      <Filter>deps\glm\gtx</Filter>
    </ClInclude>
    <ClInclude Include="..\..\deps\glm\gtx\closest_point.hpp">
      <Filter>deps\glm\gtx</Filter>
    </ClInclude>
    <ClInclude Include="..\..\deps\glm\gtx\color_encoding.hpp">
      <Filter>deps\glm\gtx</Filter>
    </ClInclude>
    <ClInclude Include="..\..\deps\glm\gtx\color_space.hpp">
      <Filter>deps\glm\gtx</Filter>
    </ClInclude>
    <ClInclude Include="..\..\deps\glm\gtx\color_space_YCoCg.hpp">
      <Filter>deps\glm\gtx</Filter>
    </ClInclude>
    <ClInclude Include="..\..\deps\glm\gtx\common.hpp">
      <Filter>deps\glm\gtx</Filter>
    </ClInclude>
    <ClInclude Include="..\..\deps\glm\gtx\compatibility.hpp">
      <Filter>deps\glm\gtx</Filter>
    </ClInclude>
    <ClInclude Include="..\..\deps\glm\gtx\component_wise.hpp">
      <Filter>deps\glm\gtx</Filter>
    </ClInclude>
    <ClInclude Include="..\..\deps\glm\gtx\dual_quaternion.hpp">
      <Filter>deps\glm\gtx</Filter>
    </ClInclude>
    <ClInclude Include="..\..\deps\glm\gtx\euler_angles.hpp">
      <Filter>deps\glm\gtx</Filter>
    </ClInclude>
    <ClInclude Include="..\..\deps\glm\gtx\extend.hpp">
      <Filter>deps\glm\gtx</Filter>
    </ClInclude>
    <ClInclude Include="..\..\deps\glm\gtx\extended_min_max.hpp">
      <Filter>deps\glm\gtx</Filter>
    </ClInclude>
    <ClInclude Include="..\..\deps\glm\gtx\exterior_product.hpp">
      <Filter>deps\glm\gtx</Filter>
    </ClInclude>
    <ClInclude Include="..\..\deps\glm\gtx\fast_exponential.hpp">
      <Filter>deps\glm\gtx</Filter>
    </ClInclude>
    <ClInclude Include="..\..\deps\glm\gtx\fast_square_root.hpp">
      <Filter>deps\glm\gtx</Filter>
    </ClInclude>
    <ClInclude Include="..\..\deps\glm\gtx\fast_trigonometry.hpp">
      <Filter>deps\glm\gtx</Filter>
    </ClInclude>
    <ClInclude Include="..\..\deps\glm\gtx\functions.hpp">
      <Filter>deps\glm\gtx</Filter>
    </ClInclude>
    <ClInclude Include="..\..\deps\glm\gtx\gradient_paint.hpp">
      <Filter>deps\glm\gtx</Filter>
    </ClInclude>
    <ClInclude Include="..\..\deps\glm\gtx\handed_coordinate_space.hpp">
      <Filter>deps\glm\gtx</Filter>
    </ClInclude>
    <ClInclude Include="..\..\deps\glm\gtx\hash.hpp">
      <Filter>deps\glm\gtx</Filter>
    </ClInclude>
    <ClInclude Include="..\..\deps\glm\gtx\integer.hpp">
      <Filter>deps\glm\gtx</Filter>
    </ClInclude>
    <ClInclude Include="..\..\deps\glm\gtx\intersect.hpp">
      <Filter>deps\glm\gtx</Filter>
    </ClInclude>
    <ClInclude Include="..\..\deps\glm\gtx\io.hpp">
      <Filter>deps\glm\gtx</Filter>
    </ClInclude>
    <ClInclude Include="..\..\deps\glm\gtx\log_base.hpp">
      <Filter>deps\glm\gtx</Filter>
    </ClInclude>
    <ClInclude Include="..\..\deps\glm\gtx\matrix_cross_product.hpp">
      <Filter>deps\glm\gtx</Filter>
    </ClInclude>
    <ClInclude Include="..\..\deps\glm\gtx\matrix_decompose.hpp">
      <Filter>deps\glm\gtx</Filter>
    </ClInclude>
    <ClInclude Include="..\..\deps\glm\gtx\matrix_factorisation.hpp">
      <Filter>deps\glm\gtx</Filter>
    </ClInclude>
    <ClInclude Include="..\..\deps\glm\gtx\matrix_interpolation.hpp">
      <Filter>deps\glm\gtx</Filter>
    </ClInclude>
    <ClInclude Include="..\..\deps\glm\gtx\matrix_major_storage.hpp">
      <Filter>deps\glm\gtx</Filter>
    </ClInclude>
    <ClInclude Include="..\..\deps\glm\gtx\matrix_operation.hpp">
      <Filter>deps\glm\gtx</Filter>
    </ClInclude>
    <ClInclude Include="..\..\deps\glm\gtx\matrix_query.hpp">
      <Filter>deps\glm\gtx</Filter>
    </ClInclude>
    <ClInclude Include="..\..\deps\glm\gtx\matrix_transform_2d.hpp">
      <Filter>deps\glm\gtx</Filter>
    </ClInclude>
    <ClInclude Include="..\..\deps\glm\gtx\mixed_product.hpp">
      <Filter>deps\glm\gtx</Filter>
    </ClInclude>
    <ClInclude Include="..\..\deps\glm\gtx\norm.hpp">
      <Filter>deps\glm\gtx</Filter>
    </ClInclude>
    <ClInclude Include="..\..\deps\glm\gtx\normal.hpp">
      <Filter>deps\glm\gtx</Filter>
    </ClInclude>
    <ClInclude Include="..\..\deps\glm\gtx\normalize_dot.hpp">
      <Filter>deps\glm\gtx</Filter>
    </ClInclude>
    <ClInclude Include="..\..\deps\glm\gtx\number_precision.hpp">
      <Filter>deps\glm\gtx</Filter>
    </ClInclude>
    <ClInclude Include="..\..\deps\glm\gtx\optimum_pow.hpp">
      <Filter>deps\glm\gtx</Filter>
    </ClInclude>
    <ClInclude Include="..\..\deps\glm\gtx\orthonormalize.hpp">
      <Filter>deps\glm\gtx</Filter>
    </ClInclude>
    <ClInclude Include="..\..\deps\glm\gtx\perpendicular.hpp">
      <Filter>deps\glm\gtx</Filter>
    </ClInclude>
    <ClInclude Include="..\..\deps\glm\gtx\polar_coordinates.hpp">
      <Filter>deps\glm\gtx</Filter>
    </ClInclude>
    <ClInclude Include="..\..\deps\glm\gtx\projection.hpp">
      <Filter>deps\glm\gtx</Filter>
    </ClInclude>
    <ClInclude Include="..\..\deps\glm\gtx\quaternion.hpp">
      <Filter>deps\glm\gtx</Filter>
    </ClInclude>
    <ClInclude Include="..\..\deps\glm\gtx\range.hpp">
      <Filter>deps\glm\gtx</Filter>
    </ClInclude>
    <ClInclude Include="..\..\deps\glm\gtx\raw_data.hpp">
      <Filter>deps\glm\gtx</Filter>
    </ClInclude>
    <ClInclude Include="..\..\deps\glm\gtx\rotate_normalized_axis.hpp">
      <Filter>deps\glm\gtx</Filter>
    </ClInclude>
    <ClInclude Include="..\..\deps\glm\gtx\rotate_vector.hpp">
      <Filter>deps\glm\gtx</Filter>
    </ClInclude>
    <ClInclude Include="..\..\deps\glm\gtx\scalar_multiplication.hpp">
      <Filter>deps\glm\gtx</Filter>
    </ClInclude>
    <ClInclude Include="..\..\deps\glm\gtx\scalar_relational.hpp">
      <Filter>deps\glm\gtx</Filter>
    </ClInclude>
    <ClInclude Include="..\..\deps\glm\gtx\spline.hpp">
      <Filter>deps\glm\gtx</Filter>
    </ClInclude>
    <ClInclude Include="..\..\deps\glm\gtx\std_based_type.hpp">
      <Filter>deps\glm\gtx</Filter>
    </ClInclude>
    <ClInclude Include="..\..\deps\glm\gtx\string_cast.hpp">
      <Filter>deps\glm\gtx</Filter>
    </ClInclude>
    <ClInclude Include="..\..\deps\glm\gtx\texture.hpp">
      <Filter>deps\glm\gtx</Filter>
    </ClInclude>
    <ClInclude Include="..\..\deps\glm\gtx\transform.hpp">
      <Filter>deps\glm\gtx</Filter>
    </ClInclude>
    <ClInclude Include="..\..\deps\glm\gtx\transform2.hpp">
      <Filter>deps\glm\gtx</Filter>
    </ClInclude>
    <ClInclude Include="..\..\deps\glm\gtx\type_aligned.hpp">
      <Filter>deps\glm\gtx</Filter>
    </ClInclude>
    <ClInclude Include="..\..\deps\glm\gtx\type_trait.hpp">
      <Filter>deps\glm\gtx</Filter>
    </ClInclude>
    <ClInclude Include="..\..\deps\glm\gtx\vector_angle.hpp">
      <Filter>deps\glm\gtx</Filter>
    </ClInclude>
    <ClInclude Include="..\..\deps\glm\gtx\vector_query.hpp">
      <Filter>deps\glm\gtx</Filter>
    </ClInclude>
    <ClInclude Include="..\..\deps\glm\gtx\vec_swizzle.hpp">
      <Filter>deps\glm\gtx</Filter>
    </ClInclude>
    <ClInclude Include="..\..\deps\glm\gtx\wrap.hpp">
      <Filter>deps\glm\gtx</Filter>
    </ClInclude>
    <ClInclude Include="..\..\deps\glm\simd\common.h">
      <Filter>deps\glm\simd</Filter>
    </ClInclude>
    <ClInclude Include="..\..\deps\glm\simd\exponential.h">
      <Filter>deps\glm\simd</Filter>
    </ClInclude>
    <ClInclude Include="..\..\deps\glm\simd\geometric.h">
      <Filter>deps\glm\simd</Filter>
    </ClInclude>
    <ClInclude Include="..\..\deps\glm\simd\integer.h">
      <Filter>deps\glm\simd</Filter>
    </ClInclude>
    <ClInclude Include="..\..\deps\glm\simd\matrix.h">
      <Filter>deps\glm\simd</Filter>
    </ClInclude>
    <ClInclude Include="..\..\deps\glm\simd\packing.h">
      <Filter>deps\glm\simd</Filter>
    </ClInclude>
    <ClInclude Include="..\..\deps\glm\simd\platform.h">
      <Filter>deps\glm\simd</Filter>
    </ClInclude>
    <ClInclude Include="..\..\deps\glm\simd\trigonometric.h">
      <Filter>deps\glm\simd</Filter>
    </ClInclude>
    <ClInclude Include="..\..\deps\glm\simd\vector_relational.h">
      <Filter>deps\glm\simd</Filter>
    </ClInclude>
    <ClInclude Include="..\..\deps\stb\stb_image.h">
      <Filter>deps\stb</Filter>
    </ClInclude>
    <ClInclude Include="..\..\deps\stb\stb_rect_pack.h">
      <Filter>deps\stb</Filter>
    </ClInclude>
    <ClInclude Include="..\..\deps\stb\stb_textedit.h">
      <Filter>deps\stb</Filter>
    </ClInclude>
    <ClInclude Include="..\..\deps\stb\stb_truetype.h">
      <Filter>deps\stb</Filter>
    </ClInclude>
    <ClInclude Include="..\..\deps\mesh\tiny_obj_loader.h">
      <Filter>deps\mesh</Filter>
    </ClInclude>
    <ClInclude Include="..\..\deps\mesh\voxelizer\voxelizer.h">
      <Filter>deps\mesh\voxelizer</Filter>
    </ClInclude>
    <ClInclude Include="..\..\deps\imgui\imconfig.h">
      <Filter>deps\imgui</Filter>
    </ClInclude>
    <ClInclude Include="..\..\deps\imgui\imgui.h">
      <Filter>deps\imgui</Filter>
    </ClInclude>
    <ClInclude Include="..\..\deps\imgui\imgui_internal.h">
      <Filter>deps\imgui</Filter>
    </ClInclude>
    <ClInclude Include="..\..\deps\imgui\imgui_stl.h">
      <Filter>deps\imgui</Filter>
    </ClInclude>
    <ClInclude Include="..\..\deps\glfw\include\GLFW\glfw3.h">
      <Filter>deps\glfw\include\GLFW</Filter>
    </ClInclude>
    <ClInclude Include="..\..\deps\glfw\include\GLFW\glfw3native.h">
      <Filter>deps\glfw\include\GLFW</Filter>
    </ClInclude>
    <ClInclude Include="..\..\deps\glfw\src\egl_context.h">
      <Filter>deps\glfw\src</Filter>
    </ClInclude>
    <ClInclude Include="..\..\deps\glfw\src\internal.h">
      <Filter>deps\glfw\src</Filter>
    </ClInclude>
    <ClInclude Include="..\..\deps\glfw\src\nsgl_context.h">
      <Filter>deps\glfw\src</Filter>
    </ClInclude>
    <ClInclude Include="..\..\deps\glfw\src\wgl_context.h">
      <Filter>deps\glfw\src</Filter>
    </ClInclude>
    <ClInclude Include="..\..\deps\glfw\src\win32_joystick.h">
      <Filter>deps\glfw\src</Filter>
    </ClInclude>
    <ClInclude Include="..\..\deps\glfw\src\win32_platform.h">
      <Filter>deps\glfw\src</Filter>
    </ClInclude>
  </ItemGroup>
  <ItemGroup>
    <ClCompile Include="..\..\src\components\camera.cpp">
      <Filter>src\components</Filter>
    </ClCompile>
    <ClCompile Include="..\..\src\components\custom.cpp">
      <Filter>src\components</Filter>
    </ClCompile>
    <ClCompile Include="..\..\src\components\ibl.cpp">
      <Filter>src\components</Filter>
    </ClCompile>
    <ClCompile Include="..\..\src\components\light.cpp">
      <Filter>src\components</Filter>
    </ClCompile>
    <ClCompile Include="..\..\src\components\mesh_filter.cpp">
      <Filter>src\components</Filter>
    </ClCompile>
    <ClCompile Include="..\..\src\components\renderer.cpp">
      <Filter>src\components</Filter>
    </ClCompile>
    <ClCompile Include="..\..\src\components\transform.cpp">
      <Filter>src\components</Filter>
    </ClCompile>
    <ClCompile Include="..\..\src\core\assets.cpp">
      <Filter>src\core</Filter>
    </ClCompile>
    <ClCompile Include="..\..\src\core\component.cpp">
      <Filter>src\core</Filter>
    </ClCompile>
    <ClCompile Include="..\..\src\core\gameobject.cpp">
      <Filter>src\core</Filter>
    </ClCompile>
    <ClCompile Include="..\..\src\core\object.cpp">
      <Filter>src\core</Filter>
    </ClCompile>
    <ClCompile Include="..\..\src\core\scene.cpp">
      <Filter>src\core</Filter>
    </ClCompile>
    <ClCompile Include="..\..\src\engine\application.cpp">
      <Filter>src\engine</Filter>
    </ClCompile>
    <ClCompile Include="..\..\src\engine\engine.cpp">
      <Filter>src\engine</Filter>
    </ClCompile>
    <ClCompile Include="..\..\src\engine\gpu.cpp">
      <Filter>src\engine</Filter>
    </ClCompile>
    <ClCompile Include="..\..\src\gameobject\skybox.cpp">
      <Filter>src\gameobject</Filter>
    </ClCompile>
    <ClCompile Include="..\..\src\graphics\composer.cpp">
      <Filter>src\graphics</Filter>
    </ClCompile>
    <ClCompile Include="..\..\src\graphics\display_list.cpp">
      <Filter>src\graphics</Filter>
    </ClCompile>
    <ClCompile Include="..\..\src\graphics\dl_command.cpp">
      <Filter>src\graphics</Filter>
    </ClCompile>
    <ClCompile Include="..\..\src\graphics\gpu_resources.cpp">
      <Filter>src\graphics</Filter>
    </ClCompile>
    <ClCompile Include="..\..\src\graphics\mesh.cpp">
      <Filter>src\graphics</Filter>
    </ClCompile>
    <ClCompile Include="..\..\src\graphics\render_context.cpp">
      <Filter>src\graphics</Filter>
    </ClCompile>
    <ClCompile Include="..\..\src\graphics\texture.cpp">
      <Filter>src\graphics</Filter>
    </ClCompile>
    <ClCompile Include="..\..\src\graphics\window.cpp">
      <Filter>src\graphics</Filter>
    </ClCompile>
    <ClCompile Include="..\..\src\graphics\backend\dx11\dx11_backend.cpp">
      <Filter>src\graphics\backend\dx11</Filter>
    </ClCompile>
    <ClCompile Include="..\..\src\graphics\backend\dx11\dx11_imgui.cpp">
      <Filter>src\graphics\backend\dx11</Filter>
    </ClCompile>
    <ClCompile Include="..\..\src\graphics\backend\dx11\dx11_window.cpp">
      <Filter>src\graphics\backend\dx11</Filter>
    </ClCompile>
    <ClCompile Include="..\..\src\graphics\backend\opengl\gl_backend.cpp">
      <Filter>src\graphics\backend\opengl</Filter>
    </ClCompile>
    <ClCompile Include="..\..\src\graphics\backend\opengl\gl_imgui.cpp">
      <Filter>src\graphics\backend\opengl</Filter>
    </ClCompile>
    <ClCompile Include="..\..\src\graphics\backend\opengl\gl_window.cpp">
      <Filter>src\graphics\backend\opengl</Filter>
    </ClCompile>
    <ClCompile Include="..\..\src\graphics\materials\material.cpp">
      <Filter>src\graphics\materials</Filter>
    </ClCompile>
    <ClCompile Include="..\..\src\graphics\materials\material_instance.cpp">
      <Filter>src\graphics\materials</Filter>
    </ClCompile>
    <ClCompile Include="..\..\src\graphics\materials\pass_filters.cpp">
      <Filter>src\graphics\materials</Filter>
    </ClCompile>
    <ClCompile Include="..\..\src\graphics\materials\render_pass.cpp">
      <Filter>src\graphics\materials</Filter>
    </ClCompile>
    <ClCompile Include="..\..\src\graphics\materials\render_pass_instance.cpp">
      <Filter>src\graphics\materials</Filter>
    </ClCompile>
    <ClCompile Include="..\..\src\graphics\materials\skybox.cpp">
      <Filter>src\graphics\materials</Filter>
    </ClCompile>
    <ClCompile Include="..\..\src\graphics\materials\standard.cpp">
      <Filter>src\graphics\materials</Filter>
    </ClCompile>
    <ClCompile Include="..\..\src\graphics\materials\standard_pass.cpp">
      <Filter>src\graphics\materials</Filter>
    </ClCompile>
    <ClCompile Include="..\..\src\graphics\materials\unlit.cpp">
      <Filter>src\graphics\materials</Filter>
    </ClCompile>
    <ClCompile Include="..\..\src\graphics\ui\editor.cpp">
      <Filter>src\graphics\ui</Filter>
    </ClCompile>
    <ClCompile Include="..\..\src\graphics\ui\log.cpp">
      <Filter>src\graphics\ui</Filter>
    </ClCompile>
    <ClCompile Include="..\..\src\graphics\ui\ui.cpp">
      <Filter>src\graphics\ui</Filter>
    </ClCompile>
    <ClCompile Include="..\..\src\utils\color.cpp">
      <Filter>src\utils</Filter>
    </ClCompile>
    <ClCompile Include="..\..\src\utils\gradient.cpp">
      <Filter>src\utils</Filter>
    </ClCompile>
    <ClCompile Include="..\..\src\utils\math.cpp">
      <Filter>src\utils</Filter>
    </ClCompile>
    <ClCompile Include="..\..\src\utils\minmax.cpp">
      <Filter>src\utils</Filter>
    </ClCompile>
    <ClCompile Include="..\..\src\utils\noise.cpp">
      <Filter>src\utils</Filter>
    </ClCompile>
    <ClCompile Include="..\..\src\utils\timer.cpp">
      <Filter>src\utils</Filter>
    </ClCompile>
    <ClCompile Include="..\..\deps\glm\detail\dummy.cpp">
      <Filter>deps\glm\detail</Filter>
    </ClCompile>
    <ClCompile Include="..\..\deps\glm\detail\glm.cpp">
      <Filter>deps\glm\detail</Filter>
    </ClCompile>
    <ClCompile Include="..\..\deps\mesh\tiny_obj_loader.cc">
      <Filter>deps\mesh</Filter>
    </ClCompile>
    <ClCompile Include="..\..\deps\imgui\imgui.cpp">
      <Filter>deps\imgui</Filter>
    </ClCompile>
    <ClCompile Include="..\..\deps\imgui\imgui_demo.cpp">
      <Filter>deps\imgui</Filter>
    </ClCompile>
    <ClCompile Include="..\..\deps\imgui\imgui_draw.cpp">
      <Filter>deps\imgui</Filter>
    </ClCompile>
    <ClCompile Include="..\..\deps\imgui\imgui_stl.cpp">
      <Filter>deps\imgui</Filter>
    </ClCompile>
    <ClCompile Include="..\..\deps\imgui\imgui_widgets.cpp">
      <Filter>deps\imgui</Filter>
    </ClCompile>
    <ClCompile Include="..\..\deps\glfw\src\context.c">
      <Filter>deps\glfw\src</Filter>
    </ClCompile>
    <ClCompile Include="..\..\deps\glfw\src\egl_context.c">
      <Filter>deps\glfw\src</Filter>
    </ClCompile>
    <ClCompile Include="..\..\deps\glfw\src\init.c">
      <Filter>deps\glfw\src</Filter>
    </ClCompile>
    <ClCompile Include="..\..\deps\glfw\src\input.c">
      <Filter>deps\glfw\src</Filter>
    </ClCompile>
    <ClCompile Include="..\..\deps\glfw\src\monitor.c">
      <Filter>deps\glfw\src</Filter>
    </ClCompile>
    <ClCompile Include="..\..\deps\glfw\src\vulkan.c">
      <Filter>deps\glfw\src</Filter>
    </ClCompile>
    <ClCompile Include="..\..\deps\glfw\src\wgl_context.c">
      <Filter>deps\glfw\src</Filter>
    </ClCompile>
    <ClCompile Include="..\..\deps\glfw\src\win32_init.c">
      <Filter>deps\glfw\src</Filter>
    </ClCompile>
    <ClCompile Include="..\..\deps\glfw\src\win32_joystick.c">
      <Filter>deps\glfw\src</Filter>
    </ClCompile>
    <ClCompile Include="..\..\deps\glfw\src\win32_monitor.c">
      <Filter>deps\glfw\src</Filter>
    </ClCompile>
    <ClCompile Include="..\..\deps\glfw\src\win32_time.c">
      <Filter>deps\glfw\src</Filter>
    </ClCompile>
    <ClCompile Include="..\..\deps\glfw\src\win32_tls.c">
      <Filter>deps\glfw\src</Filter>
    </ClCompile>
    <ClCompile Include="..\..\deps\glfw\src\win32_window.c">
      <Filter>deps\glfw\src</Filter>
    </ClCompile>
    <ClCompile Include="..\..\deps\glfw\src\window.c">
      <Filter>deps\glfw\src</Filter>
    </ClCompile>
    <ClCompile Include="..\..\deps\glew\src\glew.c">
      <Filter>deps\glew\src</Filter>
    </ClCompile>
  </ItemGroup>
</Project>
